dependencies:
  dernasherbrezon/sx127x:
    component_hash: 98fa3fd80e015566ff47ecb4bf5d0d096fb25958f2345e1d440adb1ce8351349
    source:
      service_url: https://api.components.espressif.com/
      type: service
    version: 3.1.2
  espressif/esp_lvgl_port:
    component_hash: b43dc04720d126cbfe14d53a84787e4c24b7bd7f15468e224c930ad3ffb32258
    source:
      service_url: https://api.components.espressif.com/
      type: service
    version: 1.4.0
  espressif/qrcode:
    component_hash: 3b493771bc5d6ad30cbf87c25bf784aada8a08c941504355b55d6b75518ed7bc
    source:
      service_url: https://api.components.espressif.com/
      type: service
    version: 0.1.0~2
  idf:
    component_hash: null
    source:
      type: idf
    version: 5.2.1
  lvgl/lvgl:
    component_hash: 948bff879a345149b83065535bbc4a026ce9f47498a22881e432a264b9098015
    source:
      service_url: https://api.components.espressif.com/
      type: service
    version: 8.3.11
manifest_hash: c53b9e74d5f7eaf2089c60146c19ea14b58599bbe8d5f61a49f6af4d322b3bea
target: esp32
version: 1.0.0
